
Microsoft Visual Studio Solution File, Format Version 12.00
# Visual Studio Version 16
VisualStudioVersion = 16.0.31313.79
MinimumVisualStudioVersion = 10.0.40219.1
Project("{FAE04EC0-301F-11D3-BF4B-00C04F79EFBC}") = "CrudClientesMVC", "CrudClientesMVC.csproj", "{F30C95E6-DDEC-4B7B-B2CB-857A3DA8862F}"
EndProject
Global
	GlobalSection(SolutionConfigurationPlatforms) = preSolution
		Debug|Any CPU = Debug|Any CPU
		Release|Any CPU = Release|Any CPU
	EndGlobalSection
	GlobalSection(ProjectConfigurationPlatforms) = postSolution
		{F30C95E6-DDEC-4B7B-B2CB-857A3DA8862F}.Debug|Any CPU.ActiveCfg = Debug|Any CPU
		{F30C95E6-DDEC-4B7B-B2CB-857A3DA8862F}.Debug|Any CPU.Build.0 = Debug|Any CPU
		{F30C95E6-DDEC-4B7B-B2CB-857A3DA8862F}.Release|Any CPU.ActiveCfg = Release|Any CPU
		{F30C95E6-DDEC-4B7B-B2CB-857A3DA8862F}.Release|Any CPU.Build.0 = Release|Any CPU
	EndGlobalSection
	GlobalSection(SolutionProperties) = preSolution
		HideSolutionNode = FALSE
	EndGlobalSection
	GlobalSection(ExtensibilityGlobals) = postSolution
		SolutionGuid = {8007D931-392A-4EC7-AE0E-FCF6E19C955C}
	EndGlobalSection
EndGlobal
